
Microsoft Visual Studio Solution File, Format Version 12.00
# Visual Studio Version 17
VisualStudioVersion = 17.5.33516.290
MinimumVisualStudioVersion = 10.0.40219.1
Project("{FAE04EC0-301F-11D3-BF4B-00C04F79EFBC}") = "HospitalAdvance", "HospitalAdvance\HospitalAdvance.csproj", "{0BC463BB-49DA-46CF-9048-744CCE478854}"
EndProject
Global
	GlobalSection(SolutionConfigurationPlatforms) = preSolution
		Debug|Any CPU = Debug|Any CPU
		Release|Any CPU = Release|Any CPU
	EndGlobalSection
	GlobalSection(ProjectConfigurationPlatforms) = postSolution
		{0BC463BB-49DA-46CF-9048-744CCE478854}.Debug|Any CPU.ActiveCfg = Debug|Any CPU
		{0BC463BB-49DA-46CF-9048-744CCE478854}.Debug|Any CPU.Build.0 = Debug|Any CPU
		{0BC463BB-49DA-46CF-9048-744CCE478854}.Release|Any CPU.ActiveCfg = Release|Any CPU
		{0BC463BB-49DA-46CF-9048-744CCE478854}.Release|Any CPU.Build.0 = Release|Any CPU
	EndGlobalSection
	GlobalSection(SolutionProperties) = preSolution
		HideSolutionNode = FALSE
	EndGlobalSection
	GlobalSection(ExtensibilityGlobals) = postSolution
		SolutionGuid = {9A9C5C5C-E5A2-4358-8EE6-79404CA0FB8E}
	EndGlobalSection
EndGlobal
