
Microsoft Visual Studio Solution File, Format Version 12.00
# Visual Studio Version 17
VisualStudioVersion = 17.5.33516.290
MinimumVisualStudioVersion = 10.0.40219.1
Project("{FAE04EC0-301F-11D3-BF4B-00C04F79EFBC}") = "Temp", "Temp\Temp.csproj", "{6C776919-11D0-4E06-8786-04E75B0D5BEF}"
EndProject
Global
	GlobalSection(SolutionConfigurationPlatforms) = preSolution
		Debug|Any CPU = Debug|Any CPU
		Release|Any CPU = Release|Any CPU
	EndGlobalSection
	GlobalSection(ProjectConfigurationPlatforms) = postSolution
		{6C776919-11D0-4E06-8786-04E75B0D5BEF}.Debug|Any CPU.ActiveCfg = Debug|Any CPU
		{6C776919-11D0-4E06-8786-04E75B0D5BEF}.Debug|Any CPU.Build.0 = Debug|Any CPU
		{6C776919-11D0-4E06-8786-04E75B0D5BEF}.Release|Any CPU.ActiveCfg = Release|Any CPU
		{6C776919-11D0-4E06-8786-04E75B0D5BEF}.Release|Any CPU.Build.0 = Release|Any CPU
	EndGlobalSection
	GlobalSection(SolutionProperties) = preSolution
		HideSolutionNode = FALSE
	EndGlobalSection
	GlobalSection(ExtensibilityGlobals) = postSolution
		SolutionGuid = {4BFB6117-2E5A-405F-820F-15B959840EF7}
	EndGlobalSection
EndGlobal
