
Microsoft Visual Studio Solution File, Format Version 12.00
# Visual Studio Version 17
VisualStudioVersion = 17.7.34003.232
MinimumVisualStudioVersion = 10.0.40219.1
Project("{FAE04EC0-301F-11D3-BF4B-00C04F79EFBC}") = "ExceptionHandling", "ExceptionHandling\ExceptionHandling.csproj", "{3AE88D90-F08E-44AA-8837-E71AD2E6B57D}"
EndProject
Global
	GlobalSection(SolutionConfigurationPlatforms) = preSolution
		Debug|Any CPU = Debug|Any CPU
		Release|Any CPU = Release|Any CPU
	EndGlobalSection
	GlobalSection(ProjectConfigurationPlatforms) = postSolution
		{3AE88D90-F08E-44AA-8837-E71AD2E6B57D}.Debug|Any CPU.ActiveCfg = Debug|Any CPU
		{3AE88D90-F08E-44AA-8837-E71AD2E6B57D}.Debug|Any CPU.Build.0 = Debug|Any CPU
		{3AE88D90-F08E-44AA-8837-E71AD2E6B57D}.Release|Any CPU.ActiveCfg = Release|Any CPU
		{3AE88D90-F08E-44AA-8837-E71AD2E6B57D}.Release|Any CPU.Build.0 = Release|Any CPU
	EndGlobalSection
	GlobalSection(SolutionProperties) = preSolution
		HideSolutionNode = FALSE
	EndGlobalSection
	GlobalSection(ExtensibilityGlobals) = postSolution
		SolutionGuid = {B9B7BEB9-E4E0-4B3D-892C-DF8C9DECE340}
	EndGlobalSection
EndGlobal
