
Microsoft Visual Studio Solution File, Format Version 12.00
# Visual Studio Version 17
VisualStudioVersion = 17.5.33516.290
MinimumVisualStudioVersion = 10.0.40219.1
Project("{FAE04EC0-301F-11D3-BF4B-00C04F79EFBC}") = "FileSystem", "FileSystem\FileSystem.csproj", "{40AE07C0-AAD3-4803-9001-6F85AC83DE1F}"
EndProject
Project("{FAE04EC0-301F-11D3-BF4B-00C04F79EFBC}") = "FileOperations", "FileOperations\FileOperations.csproj", "{C56B01A4-FFE4-43B3-B3BE-C226704D986F}"
EndProject
Global
	GlobalSection(SolutionConfigurationPlatforms) = preSolution
		Debug|Any CPU = Debug|Any CPU
		Release|Any CPU = Release|Any CPU
	EndGlobalSection
	GlobalSection(ProjectConfigurationPlatforms) = postSolution
		{40AE07C0-AAD3-4803-9001-6F85AC83DE1F}.Debug|Any CPU.ActiveCfg = Debug|Any CPU
		{40AE07C0-AAD3-4803-9001-6F85AC83DE1F}.Debug|Any CPU.Build.0 = Debug|Any CPU
		{40AE07C0-AAD3-4803-9001-6F85AC83DE1F}.Release|Any CPU.ActiveCfg = Release|Any CPU
		{40AE07C0-AAD3-4803-9001-6F85AC83DE1F}.Release|Any CPU.Build.0 = Release|Any CPU
		{C56B01A4-FFE4-43B3-B3BE-C226704D986F}.Debug|Any CPU.ActiveCfg = Debug|Any CPU
		{C56B01A4-FFE4-43B3-B3BE-C226704D986F}.Debug|Any CPU.Build.0 = Debug|Any CPU
		{C56B01A4-FFE4-43B3-B3BE-C226704D986F}.Release|Any CPU.ActiveCfg = Release|Any CPU
		{C56B01A4-FFE4-43B3-B3BE-C226704D986F}.Release|Any CPU.Build.0 = Release|Any CPU
	EndGlobalSection
	GlobalSection(SolutionProperties) = preSolution
		HideSolutionNode = FALSE
	EndGlobalSection
	GlobalSection(ExtensibilityGlobals) = postSolution
		SolutionGuid = {B157A5C9-E7D3-41A7-A08E-F25B0DFDF2EA}
	EndGlobalSection
EndGlobal
