
Microsoft Visual Studio Solution File, Format Version 12.00
# Visual Studio Version 17
VisualStudioVersion = 17.5.33516.290
MinimumVisualStudioVersion = 10.0.40219.1
Project("{FAE04EC0-301F-11D3-BF4B-00C04F79EFBC}") = "GenericClass", "Generics\GenericClass.csproj", "{7E5D0615-02A8-4B0B-9917-C451E4B59E49}"
EndProject
Project("{FAE04EC0-301F-11D3-BF4B-00C04F79EFBC}") = "GenericControllers", "GenericControllers\GenericControllers.csproj", "{E7725F56-8664-40B3-8714-1A6676A175FC}"
EndProject
Global
	GlobalSection(SolutionConfigurationPlatforms) = preSolution
		Debug|Any CPU = Debug|Any CPU
		Release|Any CPU = Release|Any CPU
	EndGlobalSection
	GlobalSection(ProjectConfigurationPlatforms) = postSolution
		{7E5D0615-02A8-4B0B-9917-C451E4B59E49}.Debug|Any CPU.ActiveCfg = Debug|Any CPU
		{7E5D0615-02A8-4B0B-9917-C451E4B59E49}.Debug|Any CPU.Build.0 = Debug|Any CPU
		{7E5D0615-02A8-4B0B-9917-C451E4B59E49}.Release|Any CPU.ActiveCfg = Release|Any CPU
		{7E5D0615-02A8-4B0B-9917-C451E4B59E49}.Release|Any CPU.Build.0 = Release|Any CPU
		{E7725F56-8664-40B3-8714-1A6676A175FC}.Debug|Any CPU.ActiveCfg = Debug|Any CPU
		{E7725F56-8664-40B3-8714-1A6676A175FC}.Debug|Any CPU.Build.0 = Debug|Any CPU
		{E7725F56-8664-40B3-8714-1A6676A175FC}.Release|Any CPU.ActiveCfg = Release|Any CPU
		{E7725F56-8664-40B3-8714-1A6676A175FC}.Release|Any CPU.Build.0 = Release|Any CPU
	EndGlobalSection
	GlobalSection(SolutionProperties) = preSolution
		HideSolutionNode = FALSE
	EndGlobalSection
	GlobalSection(ExtensibilityGlobals) = postSolution
		SolutionGuid = {8CEC13EC-6646-453D-87F1-BD2057D95F9E}
	EndGlobalSection
EndGlobal
