
Microsoft Visual Studio Solution File, Format Version 12.00
# Visual Studio Version 17
VisualStudioVersion = 17.5.33516.290
MinimumVisualStudioVersion = 10.0.40219.1
Project("{FAE04EC0-301F-11D3-BF4B-00C04F79EFBC}") = "LamdaExpressions", "LamdaExpressions\LamdaExpressions.csproj", "{7D5F000C-2EDB-4DF2-98DC-6ABF536C76EB}"
EndProject
Global
	GlobalSection(SolutionConfigurationPlatforms) = preSolution
		Debug|Any CPU = Debug|Any CPU
		Release|Any CPU = Release|Any CPU
	EndGlobalSection
	GlobalSection(ProjectConfigurationPlatforms) = postSolution
		{7D5F000C-2EDB-4DF2-98DC-6ABF536C76EB}.Debug|Any CPU.ActiveCfg = Debug|Any CPU
		{7D5F000C-2EDB-4DF2-98DC-6ABF536C76EB}.Debug|Any CPU.Build.0 = Debug|Any CPU
		{7D5F000C-2EDB-4DF2-98DC-6ABF536C76EB}.Release|Any CPU.ActiveCfg = Release|Any CPU
		{7D5F000C-2EDB-4DF2-98DC-6ABF536C76EB}.Release|Any CPU.Build.0 = Release|Any CPU
	EndGlobalSection
	GlobalSection(SolutionProperties) = preSolution
		HideSolutionNode = FALSE
	EndGlobalSection
	GlobalSection(ExtensibilityGlobals) = postSolution
		SolutionGuid = {3D738CAD-1A2E-4132-B632-9FA693B28003}
	EndGlobalSection
EndGlobal
