
Microsoft Visual Studio Solution File, Format Version 12.00
# Visual Studio Version 17
VisualStudioVersion = 17.7.34003.232
MinimumVisualStudioVersion = 10.0.40219.1
Project("{FAE04EC0-301F-11D3-BF4B-00C04F79EFBC}") = "Arrays", "Arrays\Arrays.csproj", "{93B806D3-ED79-482D-94C3-48CBB359F04E}"
EndProject
Global
	GlobalSection(SolutionConfigurationPlatforms) = preSolution
		Debug|Any CPU = Debug|Any CPU
		Release|Any CPU = Release|Any CPU
	EndGlobalSection
	GlobalSection(ProjectConfigurationPlatforms) = postSolution
		{93B806D3-ED79-482D-94C3-48CBB359F04E}.Debug|Any CPU.ActiveCfg = Debug|Any CPU
		{93B806D3-ED79-482D-94C3-48CBB359F04E}.Debug|Any CPU.Build.0 = Debug|Any CPU
		{93B806D3-ED79-482D-94C3-48CBB359F04E}.Release|Any CPU.ActiveCfg = Release|Any CPU
		{93B806D3-ED79-482D-94C3-48CBB359F04E}.Release|Any CPU.Build.0 = Release|Any CPU
	EndGlobalSection
	GlobalSection(SolutionProperties) = preSolution
		HideSolutionNode = FALSE
	EndGlobalSection
	GlobalSection(ExtensibilityGlobals) = postSolution
		SolutionGuid = {7FBFEDE2-B263-48B9-83EE-87AF18A50127}
	EndGlobalSection
EndGlobal
