
Microsoft Visual Studio Solution File, Format Version 12.00
# Visual Studio Version 17
VisualStudioVersion = 17.5.33516.290
MinimumVisualStudioVersion = 10.0.40219.1
Project("{FAE04EC0-301F-11D3-BF4B-00C04F79EFBC}") = "BillingAPI", "BillingAPI\BillingAPI.csproj", "{943D9D2F-6B13-4709-88BE-4A8688283EDC}"
EndProject
Global
	GlobalSection(SolutionConfigurationPlatforms) = preSolution
		Debug|Any CPU = Debug|Any CPU
		Release|Any CPU = Release|Any CPU
	EndGlobalSection
	GlobalSection(ProjectConfigurationPlatforms) = postSolution
		{943D9D2F-6B13-4709-88BE-4A8688283EDC}.Debug|Any CPU.ActiveCfg = Debug|Any CPU
		{943D9D2F-6B13-4709-88BE-4A8688283EDC}.Debug|Any CPU.Build.0 = Debug|Any CPU
		{943D9D2F-6B13-4709-88BE-4A8688283EDC}.Release|Any CPU.ActiveCfg = Release|Any CPU
		{943D9D2F-6B13-4709-88BE-4A8688283EDC}.Release|Any CPU.Build.0 = Release|Any CPU
	EndGlobalSection
	GlobalSection(SolutionProperties) = preSolution
		HideSolutionNode = FALSE
	EndGlobalSection
	GlobalSection(ExtensibilityGlobals) = postSolution
		SolutionGuid = {E6A3951D-7F85-4D57-BEAB-95E9D5638447}
	EndGlobalSection
EndGlobal
