
Microsoft Visual Studio Solution File, Format Version 12.00
# Visual Studio Version 17
VisualStudioVersion = 17.5.33516.290
MinimumVisualStudioVersion = 10.0.40219.1
Project("{FAE04EC0-301F-11D3-BF4B-00C04F79EFBC}") = "ExceptionFilter", "ExceptionFilter\ExceptionFilter.csproj", "{13338D37-2528-4977-A641-319993927073}"
EndProject
Global
	GlobalSection(SolutionConfigurationPlatforms) = preSolution
		Debug|Any CPU = Debug|Any CPU
		Release|Any CPU = Release|Any CPU
	EndGlobalSection
	GlobalSection(ProjectConfigurationPlatforms) = postSolution
		{13338D37-2528-4977-A641-319993927073}.Debug|Any CPU.ActiveCfg = Debug|Any CPU
		{13338D37-2528-4977-A641-319993927073}.Debug|Any CPU.Build.0 = Debug|Any CPU
		{13338D37-2528-4977-A641-319993927073}.Release|Any CPU.ActiveCfg = Release|Any CPU
		{13338D37-2528-4977-A641-319993927073}.Release|Any CPU.Build.0 = Release|Any CPU
	EndGlobalSection
	GlobalSection(SolutionProperties) = preSolution
		HideSolutionNode = FALSE
	EndGlobalSection
	GlobalSection(ExtensibilityGlobals) = postSolution
		SolutionGuid = {6ACC5181-38F8-45E2-9B36-F3C023ED973A}
	EndGlobalSection
EndGlobal
