
Microsoft Visual Studio Solution File, Format Version 12.00
# Visual Studio Version 17
VisualStudioVersion = 17.5.33516.290
MinimumVisualStudioVersion = 10.0.40219.1
Project("{FAE04EC0-301F-11D3-BF4B-00C04F79EFBC}") = "Fundamentals", "Fundamentals\Fundamentals.csproj", "{4BA2EEA6-B962-43E3-A241-4774AF8BCD71}"
EndProject
Global
	GlobalSection(SolutionConfigurationPlatforms) = preSolution
		Debug|Any CPU = Debug|Any CPU
		Release|Any CPU = Release|Any CPU
	EndGlobalSection
	GlobalSection(ProjectConfigurationPlatforms) = postSolution
		{4BA2EEA6-B962-43E3-A241-4774AF8BCD71}.Debug|Any CPU.ActiveCfg = Debug|Any CPU
		{4BA2EEA6-B962-43E3-A241-4774AF8BCD71}.Debug|Any CPU.Build.0 = Debug|Any CPU
		{4BA2EEA6-B962-43E3-A241-4774AF8BCD71}.Release|Any CPU.ActiveCfg = Release|Any CPU
		{4BA2EEA6-B962-43E3-A241-4774AF8BCD71}.Release|Any CPU.Build.0 = Release|Any CPU
	EndGlobalSection
	GlobalSection(SolutionProperties) = preSolution
		HideSolutionNode = FALSE
	EndGlobalSection
	GlobalSection(ExtensibilityGlobals) = postSolution
		SolutionGuid = {B8EE167E-DC4E-4034-BE7C-B88C9F4512E6}
	EndGlobalSection
EndGlobal
