
Microsoft Visual Studio Solution File, Format Version 12.00
# Visual Studio Version 17
VisualStudioVersion = 17.5.33516.290
MinimumVisualStudioVersion = 10.0.40219.1
Project("{FAE04EC0-301F-11D3-BF4B-00C04F79EFBC}") = "ExceptionHandling", "ExceptionHandling\ExceptionHandling.csproj", "{9F7A1F79-E419-45DE-8ECA-C4401CD7CB2E}"
EndProject
Global
	GlobalSection(SolutionConfigurationPlatforms) = preSolution
		Debug|Any CPU = Debug|Any CPU
		Release|Any CPU = Release|Any CPU
	EndGlobalSection
	GlobalSection(ProjectConfigurationPlatforms) = postSolution
		{9F7A1F79-E419-45DE-8ECA-C4401CD7CB2E}.Debug|Any CPU.ActiveCfg = Debug|Any CPU
		{9F7A1F79-E419-45DE-8ECA-C4401CD7CB2E}.Debug|Any CPU.Build.0 = Debug|Any CPU
		{9F7A1F79-E419-45DE-8ECA-C4401CD7CB2E}.Release|Any CPU.ActiveCfg = Release|Any CPU
		{9F7A1F79-E419-45DE-8ECA-C4401CD7CB2E}.Release|Any CPU.Build.0 = Release|Any CPU
	EndGlobalSection
	GlobalSection(SolutionProperties) = preSolution
		HideSolutionNode = FALSE
	EndGlobalSection
	GlobalSection(ExtensibilityGlobals) = postSolution
		SolutionGuid = {0249D4CF-FA82-4C3F-BD80-988075830F52}
	EndGlobalSection
EndGlobal
