
Microsoft Visual Studio Solution File, Format Version 12.00
# Visual Studio Version 17
VisualStudioVersion = 17.5.33516.290
MinimumVisualStudioVersion = 10.0.40219.1
Project("{FAE04EC0-301F-11D3-BF4B-00C04F79EFBC}") = "temp", "temp\temp.csproj", "{C80BA4C9-5E40-4A82-B6A9-50E4819519D0}"
EndProject
Global
	GlobalSection(SolutionConfigurationPlatforms) = preSolution
		Debug|Any CPU = Debug|Any CPU
		Release|Any CPU = Release|Any CPU
	EndGlobalSection
	GlobalSection(ProjectConfigurationPlatforms) = postSolution
		{C80BA4C9-5E40-4A82-B6A9-50E4819519D0}.Debug|Any CPU.ActiveCfg = Debug|Any CPU
		{C80BA4C9-5E40-4A82-B6A9-50E4819519D0}.Debug|Any CPU.Build.0 = Debug|Any CPU
		{C80BA4C9-5E40-4A82-B6A9-50E4819519D0}.Release|Any CPU.ActiveCfg = Release|Any CPU
		{C80BA4C9-5E40-4A82-B6A9-50E4819519D0}.Release|Any CPU.Build.0 = Release|Any CPU
	EndGlobalSection
	GlobalSection(SolutionProperties) = preSolution
		HideSolutionNode = FALSE
	EndGlobalSection
	GlobalSection(ExtensibilityGlobals) = postSolution
		SolutionGuid = {B7F346A6-1ED4-409D-ABB4-42FF46CD8EA6}
	EndGlobalSection
EndGlobal
