
Microsoft Visual Studio Solution File, Format Version 12.00
# Visual Studio Version 17
VisualStudioVersion = 17.5.33516.290
MinimumVisualStudioVersion = 10.0.40219.1
Project("{FAE04EC0-301F-11D3-BF4B-00C04F79EFBC}") = "FiltersAPI", "FiltersAPI\FiltersAPI.csproj", "{3EF0DD41-6B3C-4A9A-88F2-7C72AC53DD7C}"
EndProject
Global
	GlobalSection(SolutionConfigurationPlatforms) = preSolution
		Debug|Any CPU = Debug|Any CPU
		Release|Any CPU = Release|Any CPU
	EndGlobalSection
	GlobalSection(ProjectConfigurationPlatforms) = postSolution
		{3EF0DD41-6B3C-4A9A-88F2-7C72AC53DD7C}.Debug|Any CPU.ActiveCfg = Debug|Any CPU
		{3EF0DD41-6B3C-4A9A-88F2-7C72AC53DD7C}.Debug|Any CPU.Build.0 = Debug|Any CPU
		{3EF0DD41-6B3C-4A9A-88F2-7C72AC53DD7C}.Release|Any CPU.ActiveCfg = Release|Any CPU
		{3EF0DD41-6B3C-4A9A-88F2-7C72AC53DD7C}.Release|Any CPU.Build.0 = Release|Any CPU
	EndGlobalSection
	GlobalSection(SolutionProperties) = preSolution
		HideSolutionNode = FALSE
	EndGlobalSection
	GlobalSection(ExtensibilityGlobals) = postSolution
		SolutionGuid = {18B20E09-2837-4D73-A362-E16C68654494}
	EndGlobalSection
EndGlobal
