
Microsoft Visual Studio Solution File, Format Version 12.00
# Visual Studio Version 17
VisualStudioVersion = 17.7.34003.232
MinimumVisualStudioVersion = 10.0.40219.1
Project("{FAE04EC0-301F-11D3-BF4B-00C04F79EFBC}") = "DataTable", "DataTable\DataTable.csproj", "{7E8EFEFC-7321-4059-A713-36EAAD8D9BAF}"
EndProject
Global
	GlobalSection(SolutionConfigurationPlatforms) = preSolution
		Debug|Any CPU = Debug|Any CPU
		Release|Any CPU = Release|Any CPU
	EndGlobalSection
	GlobalSection(ProjectConfigurationPlatforms) = postSolution
		{7E8EFEFC-7321-4059-A713-36EAAD8D9BAF}.Debug|Any CPU.ActiveCfg = Debug|Any CPU
		{7E8EFEFC-7321-4059-A713-36EAAD8D9BAF}.Debug|Any CPU.Build.0 = Debug|Any CPU
		{7E8EFEFC-7321-4059-A713-36EAAD8D9BAF}.Release|Any CPU.ActiveCfg = Release|Any CPU
		{7E8EFEFC-7321-4059-A713-36EAAD8D9BAF}.Release|Any CPU.Build.0 = Release|Any CPU
	EndGlobalSection
	GlobalSection(SolutionProperties) = preSolution
		HideSolutionNode = FALSE
	EndGlobalSection
	GlobalSection(ExtensibilityGlobals) = postSolution
		SolutionGuid = {C1BA5966-8729-4068-BC89-1FE574077B3F}
	EndGlobalSection
EndGlobal
