
Microsoft Visual Studio Solution File, Format Version 12.00
# Visual Studio Version 17
VisualStudioVersion = 17.5.33516.290
MinimumVisualStudioVersion = 10.0.40219.1
Project("{FAE04EC0-301F-11D3-BF4B-00C04F79EFBC}") = "CallerExtentionMethod", "CallerExtentionMethod\CallerExtentionMethod.csproj", "{0E949376-C8ED-4922-99A1-71A1E0F3F7E5}"
EndProject
Global
	GlobalSection(SolutionConfigurationPlatforms) = preSolution
		Debug|Any CPU = Debug|Any CPU
		Release|Any CPU = Release|Any CPU
	EndGlobalSection
	GlobalSection(ProjectConfigurationPlatforms) = postSolution
		{0E949376-C8ED-4922-99A1-71A1E0F3F7E5}.Debug|Any CPU.ActiveCfg = Debug|Any CPU
		{0E949376-C8ED-4922-99A1-71A1E0F3F7E5}.Debug|Any CPU.Build.0 = Debug|Any CPU
		{0E949376-C8ED-4922-99A1-71A1E0F3F7E5}.Release|Any CPU.ActiveCfg = Release|Any CPU
		{0E949376-C8ED-4922-99A1-71A1E0F3F7E5}.Release|Any CPU.Build.0 = Release|Any CPU
	EndGlobalSection
	GlobalSection(SolutionProperties) = preSolution
		HideSolutionNode = FALSE
	EndGlobalSection
	GlobalSection(ExtensibilityGlobals) = postSolution
		SolutionGuid = {30DD21D4-AA48-42C8-B8B0-E2799B42A6F6}
	EndGlobalSection
EndGlobal
