
Microsoft Visual Studio Solution File, Format Version 12.00
# Visual Studio Version 17
VisualStudioVersion = 17.5.33516.290
MinimumVisualStudioVersion = 10.0.40219.1
Project("{FAE04EC0-301F-11D3-BF4B-00C04F79EFBC}") = "HTTP Caching", "HTTP Caching\HTTP Caching.csproj", "{1698B48F-814A-40FD-B6FD-8E85AEDFC191}"
EndProject
Global
	GlobalSection(SolutionConfigurationPlatforms) = preSolution
		Debug|Any CPU = Debug|Any CPU
		Release|Any CPU = Release|Any CPU
	EndGlobalSection
	GlobalSection(ProjectConfigurationPlatforms) = postSolution
		{1698B48F-814A-40FD-B6FD-8E85AEDFC191}.Debug|Any CPU.ActiveCfg = Debug|Any CPU
		{1698B48F-814A-40FD-B6FD-8E85AEDFC191}.Debug|Any CPU.Build.0 = Debug|Any CPU
		{1698B48F-814A-40FD-B6FD-8E85AEDFC191}.Release|Any CPU.ActiveCfg = Release|Any CPU
		{1698B48F-814A-40FD-B6FD-8E85AEDFC191}.Release|Any CPU.Build.0 = Release|Any CPU
	EndGlobalSection
	GlobalSection(SolutionProperties) = preSolution
		HideSolutionNode = FALSE
	EndGlobalSection
	GlobalSection(ExtensibilityGlobals) = postSolution
		SolutionGuid = {08E4B226-4E68-4819-B00F-2EB71870E8BA}
	EndGlobalSection
EndGlobal
